// !$*UTF8*$!
{
	archiveVersion = 1;
	classes = {
	};
	objectVersion = 55;
	objects = {

/* Begin PBXBuildFile section */
		03C887E528527FB8002793AF /* fastingappApp.swift in Sources */ = {isa = PBXBuildFile; fileRef = 03C887E428527FB8002793AF /* fastingappApp.swift */; };
		03C887E728527FB8002793AF /* ContentView.swift in Sources */ = {isa = PBXBuildFile; fileRef = 03C887E628527FB8002793AF /* ContentView.swift */; };
		03C887E928527FC6002793AF /* Assets.xcassets in Resources */ = {isa = PBXBuildFile; fileRef = 03C887E828527FC6002793AF /* Assets.xcassets */; };
		03C887EC28527FC6002793AF /* Preview Assets.xcassets in Resources */ = {isa = PBXBuildFile; fileRef = 03C887EB28527FC6002793AF /* Preview Assets.xcassets */; };
		03C887EE28527FC6002793AF /* Persistence.swift in Sources */ = {isa = PBXBuildFile; fileRef = 03C887ED28527FC6002793AF /* Persistence.swift */; };
		03C887F128527FC6002793AF /* fastingapp.xcdatamodeld in Sources */ = {isa = PBXBuildFile; fileRef = 03C887EF28527FC6002793AF /* fastingapp.xcdatamodeld */; };
		03C887FB28527FC7002793AF /* fastingappTests.swift in Sources */ = {isa = PBXBuildFile; fileRef = 03C887FA28527FC7002793AF /* fastingappTests.swift */; };
		03C8880528527FC7002793AF /* fastingappUITests.swift in Sources */ = {isa = PBXBuildFile; fileRef = 03C8880428527FC7002793AF /* fastingappUITests.swift */; };
		03C8880728527FC7002793AF /* fastingappUITestsLaunchTests.swift in Sources */ = {isa = PBXBuildFile; fileRef = 03C8880628527FC7002793AF /* fastingappUITestsLaunchTests.swift */; };
/* End PBXBuildFile section */

/* Begin PBXContainerItemProxy section */
		03C887F728527FC7002793AF /* PBXContainerItemProxy */ = {
			isa = PBXContainerItemProxy;
			containerPortal = 03C887D928527FB8002793AF /* Project object */;
			proxyType = 1;
			remoteGlobalIDString = 03C887E028527FB8002793AF;
			remoteInfo = fastingapp;
		};
		03C8880128527FC7002793AF /* PBXContainerItemProxy */ = {
			isa = PBXContainerItemProxy;
			containerPortal = 03C887D928527FB8002793AF /* Project object */;
			proxyType = 1;
			remoteGlobalIDString = 03C887E028527FB8002793AF;
			remoteInfo = fastingapp;
		};
/* End PBXContainerItemProxy section */

/* Begin PBXFileReference section */
		03C887E128527FB8002793AF /* fastingapp.app */ = {isa = PBXFileReference; explicitFileType = wrapper.application; includeInIndex = 0; path = fastingapp.app; sourceTree = BUILT_PRODUCTS_DIR; };
		03C887E428527FB8002793AF /* fastingappApp.swift */ = {isa = PBXFileReference; lastKnownFileType = sourcecode.swift; path = fastingappApp.swift; sourceTree = "<group>"; };
		03C887E628527FB8002793AF /* ContentView.swift */ = {isa = PBXFileReference; lastKnownFileType = sourcecode.swift; path = ContentView.swift; sourceTree = "<group>"; };
		03C887E828527FC6002793AF /* Assets.xcassets */ = {isa = PBXFileReference; lastKnownFileType = folder.assetcatalog; path = Assets.xcassets; sourceTree = "<group>"; };
		03C887EB28527FC6002793AF /* Preview Assets.xcassets */ = {isa = PBXFileReference; lastKnownFileType = folder.assetcatalog; path = "Preview Assets.xcassets"; sourceTree = "<group>"; };
		03C887ED28527FC6002793AF /* Persistence.swift */ = {isa = PBXFileReference; lastKnownFileType = sourcecode.swift; path = Persistence.swift; sourceTree = "<group>"; };
		03C887F028527FC6002793AF /* fastingapp.xcdatamodel */ = {isa = PBXFileReference; lastKnownFileType = wrapper.xcdatamodel; path = fastingapp.xcdatamodel; sourceTree = "<group>"; };
		03C887F628527FC7002793AF /* fastingappTests.xctest */ = {isa = PBXFileReference; explicitFileType = wrapper.cfbundle; includeInIndex = 0; path = fastingappTests.xctest; sourceTree = BUILT_PRODUCTS_DIR; };
		03C887FA28527FC7002793AF /* fastingappTests.swift */ = {isa = PBXFileReference; lastKnownFileType = sourcecode.swift; path = fastingappTests.swift; sourceTree = "<group>"; };
		03C8880028527FC7002793AF /* fastingappUITests.xctest */ = {isa = PBXFileReference; explicitFileType = wrapper.cfbundle; includeInIndex = 0; path = fastingappUITests.xctest; sourceTree = BUILT_PRODUCTS_DIR; };
		03C8880428527FC7002793AF /* fastingappUITests.swift */ = {isa = PBXFileReference; lastKnownFileType = sourcecode.swift; path = fastingappUITests.swift; sourceTree = "<group>"; };
		03C8880628527FC7002793AF /* fastingappUITestsLaunchTests.swift */ = {isa = PBXFileReference; lastKnownFileType = sourcecode.swift; path = fastingappUITestsLaunchTests.swift; sourceTree = "<group>"; };
/* End PBXFileReference section */

/* Begin PBXFrameworksBuildPhase section */
		03C887DE28527FB8002793AF /* Frameworks */ = {
			isa = PBXFrameworksBuildPhase;
			buildActionMask = 2147483647;
			files = (
			);
			runOnlyForDeploymentPostprocessing = 0;
		};
		03C887F328527FC7002793AF /* Frameworks */ = {
			isa = PBXFrameworksBuildPhase;
			buildActionMask = 2147483647;
			files = (
			);
			runOnlyForDeploymentPostprocessing = 0;
		};
		03C887FD28527FC7002793AF /* Frameworks */ = {
			isa = PBXFrameworksBuildPhase;
			buildActionMask = 2147483647;
			files = (
			);
			runOnlyForDeploymentPostprocessing = 0;
		};
/* End PBXFrameworksBuildPhase section */

/* Begin PBXGroup section */
		03C887D828527FB8002793AF = {
			isa = PBXGroup;
			children = (
				03C887E328527FB8002793AF /* fastingapp */,
				03C887F928527FC7002793AF /* fastingappTests */,
				03C8880328527FC7002793AF /* fastingappUITests */,
				03C887E228527FB8002793AF /* Products */,
			);
			sourceTree = "<group>";
		};
		03C887E228527FB8002793AF /* Products */ = {
			isa = PBXGroup;
			children = (
				03C887E128527FB8002793AF /* fastingapp.app */,
				03C887F628527FC7002793AF /* fastingappTests.xctest */,
				03C8880028527FC7002793AF /* fastingappUITests.xctest */,
			);
			name = Products;
			sourceTree = "<group>";
		};
		03C887E328527FB8002793AF /* fastingapp */ = {
			isa = PBXGroup;
			children = (
				03C887E428527FB8002793AF /* fastingappApp.swift */,
				03C887E628527FB8002793AF /* ContentView.swift */,
				03C887E828527FC6002793AF /* Assets.xcassets */,
				03C887ED28527FC6002793AF /* Persistence.swift */,
				03C887EF28527FC6002793AF /* fastingapp.xcdatamodeld */,
				03C887EA28527FC6002793AF /* Preview Content */,
			);
			path = fastingapp;
			sourceTree = "<group>";
		};
		03C887EA28527FC6002793AF /* Preview Content */ = {
			isa = PBXGroup;
			children = (
				03C887EB28527FC6002793AF /* Preview Assets.xcassets */,
			);
			path = "Preview Content";
			sourceTree = "<group>";
		};
		03C887F928527FC7002793AF /* fastingappTests */ = {
			isa = PBXGroup;
			children = (
				03C887FA28527FC7002793AF /* fastingappTests.swift */,
			);
			path = fastingappTests;
			sourceTree = "<group>";
		};
		03C8880328527FC7002793AF /* fastingappUITests */ = {
			isa = PBXGroup;
			children = (
				03C8880428527FC7002793AF /* fastingappUITests.swift */,
				03C8880628527FC7002793AF /* fastingappUITestsLaunchTests.swift */,
			);
			path = fastingappUITests;
			sourceTree = "<group>";
		};
/* End PBXGroup section */

/* Begin PBXNativeTarget section */
		03C887E028527FB8002793AF /* fastingapp */ = {
			isa = PBXNativeTarget;
			buildConfigurationList = 03C8880A28527FC7002793AF /* Build configuration list for PBXNativeTarget "fastingapp" */;
			buildPhases = (
				03C887DD28527FB8002793AF /* Sources */,
				03C887DE28527FB8002793AF /* Frameworks */,
				03C887DF28527FB8002793AF /* Resources */,
			);
			buildRules = (
			);
			dependencies = (
			);
			name = fastingapp;
			productName = fastingapp;
			productReference = 03C887E128527FB8002793AF /* fastingapp.app */;
			productType = "com.apple.product-type.application";
		};
		03C887F528527FC7002793AF /* fastingappTests */ = {
			isa = PBXNativeTarget;
			buildConfigurationList = 03C8880D28527FC7002793AF /* Build configuration list for PBXNativeTarget "fastingappTests" */;
			buildPhases = (
				03C887F228527FC7002793AF /* Sources */,
				03C887F328527FC7002793AF /* Frameworks */,
				03C887F428527FC7002793AF /* Resources */,
			);
			buildRules = (
			);
			dependencies = (
				03C887F828527FC7002793AF /* PBXTargetDependency */,
			);
			name = fastingappTests;
			productName = fastingappTests;
			productReference = 03C887F628527FC7002793AF /* fastingappTests.xctest */;
			productType = "com.apple.product-type.bundle.unit-test";
		};
		03C887FF28527FC7002793AF /* fastingappUITests */ = {
			isa = PBXNativeTarget;
			buildConfigurationList = 03C8881028527FC7002793AF /* Build configuration list for PBXNativeTarget "fastingappUITests" */;
			buildPhases = (
				03C887FC28527FC7002793AF /* Sources */,
				03C887FD28527FC7002793AF /* Frameworks */,
				03C887FE28527FC7002793AF /* Resources */,
			);
			buildRules = (
			);
			dependencies = (
				03C8880228527FC7002793AF /* PBXTargetDependency */,
			);
			name = fastingappUITests;
			productName = fastingappUITests;
			productReference = 03C8880028527FC7002793AF /* fastingappUITests.xctest */;
			productType = "com.apple.product-type.bundle.ui-testing";
		};
/* End PBXNativeTarget section */

/* Begin PBXProject section */
		03C887D928527FB8002793AF /* Project object */ = {
			isa = PBXProject;
			attributes = {
				BuildIndependentTargetsInParallel = 1;
				LastSwiftUpdateCheck = 1340;
				LastUpgradeCheck = 1340;
				TargetAttributes = {
					03C887E028527FB8002793AF = {
						CreatedOnToolsVersion = 13.4.1;
					};
					03C887F528527FC7002793AF = {
						CreatedOnToolsVersion = 13.4.1;
						TestTargetID = 03C887E028527FB8002793AF;
					};
					03C887FF28527FC7002793AF = {
						CreatedOnToolsVersion = 13.4.1;
						TestTargetID = 03C887E028527FB8002793AF;
					};
				};
			};
			buildConfigurationList = 03C887DC28527FB8002793AF /* Build configuration list for PBXProject "fastingapp" */;
			compatibilityVersion = "Xcode 13.0";
			developmentRegion = en;
			hasScannedForEncodings = 0;
			knownRegions = (
				en,
				Base,
			);
			mainGroup = 03C887D828527FB8002793AF;
			productRefGroup = 03C887E228527FB8002793AF /* Products */;
			projectDirPath = "";
			projectRoot = "";
			targets = (
				03C887E028527FB8002793AF /* fastingapp */,
				03C887F528527FC7002793AF /* fastingappTests */,
				03C887FF28527FC7002793AF /* fastingappUITests */,
			);
		};
/* End PBXProject section */

/* Begin PBXResourcesBuildPhase section */
		03C887DF28527FB8002793AF /* Resources */ = {
			isa = PBXResourcesBuildPhase;
			buildActionMask = 2147483647;
			files = (
				03C887EC28527FC6002793AF /* Preview Assets.xcassets in Resources */,
				03C887E928527FC6002793AF /* Assets.xcassets in Resources */,
			);
			runOnlyForDeploymentPostprocessing = 0;
		};
		03C887F428527FC7002793AF /* Resources */ = {
			isa = PBXResourcesBuildPhase;
			buildActionMask = 2147483647;
			files = (
			);
			runOnlyForDeploymentPostprocessing = 0;
		};
		03C887FE28527FC7002793AF /* Resources */ = {
			isa = PBXResourcesBuildPhase;
			buildActionMask = 2147483647;
			files = (
			);
			runOnlyForDeploymentPostprocessing = 0;
		};
/* End PBXResourcesBuildPhase section */

/* Begin PBXSourcesBuildPhase section */
		03C887DD28527FB8002793AF /* Sources */ = {
			isa = PBXSourcesBuildPhase;
			buildActionMask = 2147483647;
			files = (
				03C887F128527FC6002793AF /* fastingapp.xcdatamodeld in Sources */,
				03C887EE28527FC6002793AF /* Persistence.swift in Sources */,
				03C887E728527FB8002793AF /* ContentView.swift in Sources */,
				03C887E528527FB8002793AF /* fastingappApp.swift in Sources */,
			);
			runOnlyForDeploymentPostprocessing = 0;
		};
		03C887F228527FC7002793AF /* Sources */ = {
			isa = PBXSourcesBuildPhase;
			buildActionMask = 2147483647;
			files = (
				03C887FB28527FC7002793AF /* fastingappTests.swift in Sources */,
			);
			runOnlyForDeploymentPostprocessing = 0;
		};
		03C887FC28527FC7002793AF /* Sources */ = {
			isa = PBXSourcesBuildPhase;
			buildActionMask = 2147483647;
			files = (
				03C8880528527FC7002793AF /* fastingappUITests.swift in Sources */,
				03C8880728527FC7002793AF /* fastingappUITestsLaunchTests.swift in Sources */,
			);
			runOnlyForDeploymentPostprocessing = 0;
		};
/* End PBXSourcesBuildPhase section */

/* Begin PBXTargetDependency section */
		03C887F828527FC7002793AF /* PBXTargetDependency */ = {
			isa = PBXTargetDependency;
			target = 03C887E028527FB8002793AF /* fastingapp */;
			targetProxy = 03C887F728527FC7002793AF /* PBXContainerItemProxy */;
		};
		03C8880228527FC7002793AF /* PBXTargetDependency */ = {
			isa = PBXTargetDependency;
			target = 03C887E028527FB8002793AF /* fastingapp */;
			targetProxy = 03C8880128527FC7002793AF /* PBXContainerItemProxy */;
		};
/* End PBXTargetDependency section */

/* Begin XCBuildConfiguration section */
		03C8880828527FC7002793AF /* Debug */ = {
			isa = XCBuildConfiguration;
			buildSettings = {
				ALWAYS_SEARCH_USER_PATHS = NO;
				CLANG_ANALYZER_NONNULL = YES;
				CLANG_ANALYZER_NUMBER_OBJECT_CONVERSION = YES_AGGRESSIVE;
				CLANG_CXX_LANGUAGE_STANDARD = "gnu++17";
				CLANG_ENABLE_MODULES = YES;
				CLANG_ENABLE_OBJC_ARC = YES;
				CLANG_ENABLE_OBJC_WEAK = YES;
				CLANG_WARN_BLOCK_CAPTURE_AUTORELEASING = YES;
				CLANG_WARN_BOOL_CONVERSION = YES;
				CLANG_WARN_COMMA = YES;
				CLANG_WARN_CONSTANT_CONVERSION = YES;
				CLANG_WARN_DEPRECATED_OBJC_IMPLEMENTATIONS = YES;
				CLANG_WARN_DIRECT_OBJC_ISA_USAGE = YES_ERROR;
				CLANG_WARN_DOCUMENTATION_COMMENTS = YES;
				CLANG_WARN_EMPTY_BODY = YES;
				CLANG_WARN_ENUM_CONVERSION = YES;
				CLANG_WARN_INFINITE_RECURSION = YES;
				CLANG_WARN_INT_CONVERSION = YES;
				CLANG_WARN_NON_LITERAL_NULL_CONVERSION = YES;
				CLANG_WARN_OBJC_IMPLICIT_RETAIN_SELF = YES;
				CLANG_WARN_OBJC_LITERAL_CONVERSION = YES;
				CLANG_WARN_OBJC_ROOT_CLASS = YES_ERROR;
				CLANG_WARN_QUOTED_INCLUDE_IN_FRAMEWORK_HEADER = YES;
				CLANG_WARN_RANGE_LOOP_ANALYSIS = YES;
				CLANG_WARN_STRICT_PROTOTYPES = YES;
				CLANG_WARN_SUSPICIOUS_MOVE = YES;
				CLANG_WARN_UNGUARDED_AVAILABILITY = YES_AGGRESSIVE;
				CLANG_WARN_UNREACHABLE_CODE = YES;
				CLANG_WARN__DUPLICATE_METHOD_MATCH = YES;
				COPY_PHASE_STRIP = NO;
				DEBUG_INFORMATION_FORMAT = dwarf;
				ENABLE_STRICT_OBJC_MSGSEND = YES;
				ENABLE_TESTABILITY = YES;
				GCC_C_LANGUAGE_STANDARD = gnu11;
				GCC_DYNAMIC_NO_PIC = NO;
				GCC_NO_COMMON_BLOCKS = YES;
				GCC_OPTIMIZATION_LEVEL = 0;
				GCC_PREPROCESSOR_DEFINITIONS = (
					"DEBUG=1",
					"$(inherited)",
				);
				GCC_WARN_64_TO_32_BIT_CONVERSION = YES;
				GCC_WARN_ABOUT_RETURN_TYPE = YES_ERROR;
				GCC_WARN_UNDECLARED_SELECTOR = YES;
				GCC_WARN_UNINITIALIZED_AUTOS = YES_AGGRESSIVE;
				GCC_WARN_UNUSED_FUNCTION = YES;
				GCC_WARN_UNUSED_VARIABLE = YES;
				IPHONEOS_DEPLOYMENT_TARGET = 15.5;
				MTL_ENABLE_DEBUG_INFO = INCLUDE_SOURCE;
				MTL_FAST_MATH = YES;
				ONLY_ACTIVE_ARCH = YES;
				SDKROOT = iphoneos;
				SWIFT_ACTIVE_COMPILATION_CONDITIONS = DEBUG;
				SWIFT_OPTIMIZATION_LEVEL = "-Onone";
			};
			name = Debug;
		};
		03C8880928527FC7002793AF /* Release */ = {
			isa = XCBuildConfiguration;
			buildSettings = {
				ALWAYS_SEARCH_USER_PATHS = NO;
				CLANG_ANALYZER_NONNULL = YES;
				CLANG_ANALYZER_NUMBER_OBJECT_CONVERSION = YES_AGGRESSIVE;
				CLANG_CXX_LANGUAGE_STANDARD = "gnu++17";
				CLANG_ENABLE_MODULES = YES;
				CLANG_ENABLE_OBJC_ARC = YES;
				CLANG_ENABLE_OBJC_WEAK = YES;
				CLANG_WARN_BLOCK_CAPTURE_AUTORELEASING = YES;
				CLANG_WARN_BOOL_CONVERSION = YES;
				CLANG_WARN_COMMA = YES;
				CLANG_WARN_CONSTANT_CONVERSION = YES;
				CLANG_WARN_DEPRECATED_OBJC_IMPLEMENTATIONS = YES;
				CLANG_WARN_DIRECT_OBJC_ISA_USAGE = YES_ERROR;
				CLANG_WARN_DOCUMENTATION_COMMENTS = YES;
				CLANG_WARN_EMPTY_BODY = YES;
				CLANG_WARN_ENUM_CONVERSION = YES;
				CLANG_WARN_INFINITE_RECURSION = YES;
				CLANG_WARN_INT_CONVERSION = YES;
				CLANG_WARN_NON_LITERAL_NULL_CONVERSION = YES;
				CLANG_WARN_OBJC_IMPLICIT_RETAIN_SELF = YES;
				CLANG_WARN_OBJC_LITERAL_CONVERSION = YES;
				CLANG_WARN_OBJC_ROOT_CLASS = YES_ERROR;
				CLANG_WARN_QUOTED_INCLUDE_IN_FRAMEWORK_HEADER = YES;
				CLANG_WARN_RANGE_LOOP_ANALYSIS = YES;
				CLANG_WARN_STRICT_PROTOTYPES = YES;
				CLANG_WARN_SUSPICIOUS_MOVE = YES;
				CLANG_WARN_UNGUARDED_AVAILABILITY = YES_AGGRESSIVE;
				CLANG_WARN_UNREACHABLE_CODE = YES;
				CLANG_WARN__DUPLICATE_METHOD_MATCH = YES;
				COPY_PHASE_STRIP = NO;
				DEBUG_INFORMATION_FORMAT = "dwarf-with-dsym";
				ENABLE_NS_ASSERTIONS = NO;
				ENABLE_STRICT_OBJC_MSGSEND = YES;
				GCC_C_LANGUAGE_STANDARD = gnu11;
				GCC_NO_COMMON_BLOCKS = YES;
				GCC_WARN_64_TO_32_BIT_CONVERSION = YES;
				GCC_WARN_ABOUT_RETURN_TYPE = YES_ERROR;
				GCC_WARN_UNDECLARED_SELECTOR = YES;
				GCC_WARN_UNINITIALIZED_AUTOS = YES_AGGRESSIVE;
				GCC_WARN_UNUSED_FUNCTION = YES;
				GCC_WARN_UNUSED_VARIABLE = YES;
				IPHONEOS_DEPLOYMENT_TARGET = 15.5;
				MTL_ENABLE_DEBUG_INFO = NO;
				MTL_FAST_MATH = YES;
				SDKROOT = iphoneos;
				SWIFT_COMPILATION_MODE = wholemodule;
				SWIFT_OPTIMIZATION_LEVEL = "-O";
				VALIDATE_PRODUCT = YES;
			};
			name = Release;
		};
		03C8880B28527FC7002793AF /* Debug */ = {
			isa = XCBuildConfiguration;
			buildSettings = {
				ASSETCATALOG_COMPILER_APPICON_NAME = AppIcon;
				ASSETCATALOG_COMPILER_GLOBAL_ACCENT_COLOR_NAME = AccentColor;
				CODE_SIGN_STYLE = Automatic;
				CURRENT_PROJECT_VERSION = 1;
				DEVELOPMENT_ASSET_PATHS = "\"fastingapp/Preview Content\"";
				ENABLE_PREVIEWS = YES;
				GENERATE_INFOPLIST_FILE = YES;
				INFOPLIST_KEY_UIApplicationSceneManifest_Generation = YES;
				INFOPLIST_KEY_UIApplicationSupportsIndirectInputEvents = YES;
				INFOPLIST_KEY_UILaunchScreen_Generation = YES;
				INFOPLIST_KEY_UISupportedInterfaceOrientations_iPad = "UIInterfaceOrientationPortrait UIInterfaceOrientationPortraitUpsideDown UIInterfaceOrientationLandscapeLeft UIInterfaceOrientationLandscapeRight";
				INFOPLIST_KEY_UISupportedInterfaceOrientations_iPhone = "UIInterfaceOrientationPortrait UIInterfaceOrientationLandscapeLeft UIInterfaceOrientationLandscapeRight";
				LD_RUNPATH_SEARCH_PATHS = (
					"$(inherited)",
					"@executable_path/Frameworks",
				);
				MARKETING_VERSION = 1.0;
				PRODUCT_BUNDLE_IDENTIFIER = com.fastingapp.fastingapp;
				PRODUCT_NAME = "$(TARGET_NAME)";
				SWIFT_EMIT_LOC_STRINGS = YES;
				SWIFT_VERSION = 5.0;
				TARGETED_DEVICE_FAMILY = "1,2";
			};
			name = Debug;
		};
		03C8880C28527FC7002793AF /* Release */ = {
			isa = XCBuildConfiguration;
			buildSettings = {
				ASSETCATALOG_COMPILER_APPICON_NAME = AppIcon;
				ASSETCATALOG_COMPILER_GLOBAL_ACCENT_COLOR_NAME = AccentColor;
				CODE_SIGN_STYLE = Automatic;
				CURRENT_PROJECT_VERSION = 1;
				DEVELOPMENT_ASSET_PATHS = "\"fastingapp/Preview Content\"";
				ENABLE_PREVIEWS = YES;
				GENERATE_INFOPLIST_FILE = YES;
				INFOPLIST_KEY_UIApplicationSceneManifest_Generation = YES;
				INFOPLIST_KEY_UIApplicationSupportsIndirectInputEvents = YES;
				INFOPLIST_KEY_UILaunchScreen_Generation = YES;
				INFOPLIST_KEY_UISupportedInterfaceOrientations_iPad = "UIInterfaceOrientationPortrait UIInterfaceOrientationPortraitUpsideDown UIInterfaceOrientationLandscapeLeft UIInterfaceOrientationLandscapeRight";
				INFOPLIST_KEY_UISupportedInterfaceOrientations_iPhone = "UIInterfaceOrientationPortrait UIInterfaceOrientationLandscapeLeft UIInterfaceOrientationLandscapeRight";
				LD_RUNPATH_SEARCH_PATHS = (
					"$(inherited)",
					"@executable_path/Frameworks",
				);
				MARKETING_VERSION = 1.0;
				PRODUCT_BUNDLE_IDENTIFIER = com.fastingapp.fastingapp;
				PRODUCT_NAME = "$(TARGET_NAME)";
				SWIFT_EMIT_LOC_STRINGS = YES;
				SWIFT_VERSION = 5.0;
				TARGETED_DEVICE_FAMILY = "1,2";
			};
			name = Release;
		};
		03C8880E28527FC7002793AF /* Debug */ = {
			isa = XCBuildConfiguration;
			buildSettings = {
				ALWAYS_EMBED_SWIFT_STANDARD_LIBRARIES = YES;
				BUNDLE_LOADER = "$(TEST_HOST)";
				CODE_SIGN_STYLE = Automatic;
				CURRENT_PROJECT_VERSION = 1;
				GENERATE_INFOPLIST_FILE = YES;
				IPHONEOS_DEPLOYMENT_TARGET = 15.5;
				MARKETING_VERSION = 1.0;
				PRODUCT_BUNDLE_IDENTIFIER = com.fastingapp.fastingappTests;
				PRODUCT_NAME = "$(TARGET_NAME)";
				SWIFT_EMIT_LOC_STRINGS = NO;
				SWIFT_VERSION = 5.0;
				TARGETED_DEVICE_FAMILY = "1,2";
				TEST_HOST = "$(BUILT_PRODUCTS_DIR)/fastingapp.app/fastingapp";
			};
			name = Debug;
		};
		03C8880F28527FC7002793AF /* Release */ = {
			isa = XCBuildConfiguration;
			buildSettings = {
				ALWAYS_EMBED_SWIFT_STANDARD_LIBRARIES = YES;
				BUNDLE_LOADER = "$(TEST_HOST)";
				CODE_SIGN_STYLE = Automatic;
				CURRENT_PROJECT_VERSION = 1;
				GENERATE_INFOPLIST_FILE = YES;
				IPHONEOS_DEPLOYMENT_TARGET = 15.5;
				MARKETING_VERSION = 1.0;
				PRODUCT_BUNDLE_IDENTIFIER = com.fastingapp.fastingappTests;
				PRODUCT_NAME = "$(TARGET_NAME)";
				SWIFT_EMIT_LOC_STRINGS = NO;
				SWIFT_VERSION = 5.0;
				TARGETED_DEVICE_FAMILY = "1,2";
				TEST_HOST = "$(BUILT_PRODUCTS_DIR)/fastingapp.app/fastingapp";
			};
			name = Release;
		};
		03C8881128527FC7002793AF /* Debug */ = {
			isa = XCBuildConfiguration;
			buildSettings = {
				ALWAYS_EMBED_SWIFT_STANDARD_LIBRARIES = YES;
				CODE_SIGN_STYLE = Automatic;
				CURRENT_PROJECT_VERSION = 1;
				GENERATE_INFOPLIST_FILE = YES;
				MARKETING_VERSION = 1.0;
				PRODUCT_BUNDLE_IDENTIFIER = com.fastingapp.fastingappUITests;
				PRODUCT_NAME = "$(TARGET_NAME)";
				SWIFT_EMIT_LOC_STRINGS = NO;
				SWIFT_VERSION = 5.0;
				TARGETED_DEVICE_FAMILY = "1,2";
				TEST_TARGET_NAME = fastingapp;
			};
			name = Debug;
		};
		03C8881228527FC7002793AF /* Release */ = {
			isa = XCBuildConfiguration;
			buildSettings = {
				ALWAYS_EMBED_SWIFT_STANDARD_LIBRARIES = YES;
				CODE_SIGN_STYLE = Automatic;
				CURRENT_PROJECT_VERSION = 1;
				GENERATE_INFOPLIST_FILE = YES;
				MARKETING_VERSION = 1.0;
				PRODUCT_BUNDLE_IDENTIFIER = com.fastingapp.fastingappUITests;
				PRODUCT_NAME = "$(TARGET_NAME)";
				SWIFT_EMIT_LOC_STRINGS = NO;
				SWIFT_VERSION = 5.0;
				TARGETED_DEVICE_FAMILY = "1,2";
				TEST_TARGET_NAME = fastingapp;
			};
			name = Release;
		};
/* End XCBuildConfiguration section */

/* Begin XCConfigurationList section */
		03C887DC28527FB8002793AF /* Build configuration list for PBXProject "fastingapp" */ = {
			isa = XCConfigurationList;
			buildConfigurations = (
				03C8880828527FC7002793AF /* Debug */,
				03C8880928527FC7002793AF /* Release */,
			);
			defaultConfigurationIsVisible = 0;
			defaultConfigurationName = Release;
		};
		03C8880A28527FC7002793AF /* Build configuration list for PBXNativeTarget "fastingapp" */ = {
			isa = XCConfigurationList;
			buildConfigurations = (
				03C8880B28527FC7002793AF /* Debug */,
				03C8880C28527FC7002793AF /* Release */,
			);
			defaultConfigurationIsVisible = 0;
			defaultConfigurationName = Release;
		};
		03C8880D28527FC7002793AF /* Build configuration list for PBXNativeTarget "fastingappTests" */ = {
			isa = XCConfigurationList;
			buildConfigurations = (
				03C8880E28527FC7002793AF /* Debug */,
				03C8880F28527FC7002793AF /* Release */,
			);
			defaultConfigurationIsVisible = 0;
			defaultConfigurationName = Release;
		};
		03C8881028527FC7002793AF /* Build configuration list for PBXNativeTarget "fastingappUITests" */ = {
			isa = XCConfigurationList;
			buildConfigurations = (
				03C8881128527FC7002793AF /* Debug */,
				03C8881228527FC7002793AF /* Release */,
			);
			defaultConfigurationIsVisible = 0;
			defaultConfigurationName = Release;
		};
/* End XCConfigurationList section */

/* Begin XCVersionGroup section */
		03C887EF28527FC6002793AF /* fastingapp.xcdatamodeld */ = {
			isa = XCVersionGroup;
			children = (
				03C887F028527FC6002793AF /* fastingapp.xcdatamodel */,
			);
			currentVersion = 03C887F028527FC6002793AF /* fastingapp.xcdatamodel */;
			path = fastingapp.xcdatamodeld;
			sourceTree = "<group>";
			versionGroupType = wrapper.xcdatamodel;
		};
/* End XCVersionGroup section */
	};
	rootObject = 03C887D928527FB8002793AF /* Project object */;
}
